// !$*UTF8*$!
{
	archiveVersion = 1;
	classes = {
	};
	objectVersion = 50;
	objects = {

/* Begin PBXBuildFile section */
		3BD761F0EDB5F5395A1647B5 /* Pods_try_SnapshotTestCase.framework in Frameworks */ = {isa = PBXBuildFile; fileRef = 419EE792A02CE9EC3C43D7F5 /* Pods_try_SnapshotTestCase.framework */; };
		6997911DBD0F3E0F754A1BC6 /* Pods_try_SnapshotTestCaseTests.framework in Frameworks */ = {isa = PBXBuildFile; fileRef = 3D36A5823E3EDC4691C2C026 /* Pods_try_SnapshotTestCaseTests.framework */; };
		DF56B318245DAFC000AF402E /* AppDelegate.swift in Sources */ = {isa = PBXBuildFile; fileRef = DF56B317245DAFC000AF402E /* AppDelegate.swift */; };
		DF56B31A245DAFC000AF402E /* SceneDelegate.swift in Sources */ = {isa = PBXBuildFile; fileRef = DF56B319245DAFC000AF402E /* SceneDelegate.swift */; };
		DF56B31C245DAFC000AF402E /* ViewController.swift in Sources */ = {isa = PBXBuildFile; fileRef = DF56B31B245DAFC000AF402E /* ViewController.swift */; };
		DF56B31F245DAFC000AF402E /* Main.storyboard in Resources */ = {isa = PBXBuildFile; fileRef = DF56B31D245DAFC000AF402E /* Main.storyboard */; };
		DF56B321245DAFC200AF402E /* Assets.xcassets in Resources */ = {isa = PBXBuildFile; fileRef = DF56B320245DAFC200AF402E /* Assets.xcassets */; };
		DF56B324245DAFC200AF402E /* LaunchScreen.storyboard in Resources */ = {isa = PBXBuildFile; fileRef = DF56B322245DAFC200AF402E /* LaunchScreen.storyboard */; };
		DF56B340245DB29700AF402E /* try_SnapshotTestCaseTests.swift in Sources */ = {isa = PBXBuildFile; fileRef = DF56B33F245DB29700AF402E /* try_SnapshotTestCaseTests.swift */; };
/* End PBXBuildFile section */

/* Begin PBXContainerItemProxy section */
		DF56B334245DB0BA00AF402E /* PBXContainerItemProxy */ = {
			isa = PBXContainerItemProxy;
			containerPortal = DF56B30C245DAFC000AF402E /* Project object */;
			proxyType = 1;
			remoteGlobalIDString = DF56B313245DAFC000AF402E;
			remoteInfo = "try!SnapshotTestCase";
		};
		DF56B342245DB29700AF402E /* PBXContainerItemProxy */ = {
			isa = PBXContainerItemProxy;
			containerPortal = DF56B30C245DAFC000AF402E /* Project object */;
			proxyType = 1;
			remoteGlobalIDString = DF56B313245DAFC000AF402E;
			remoteInfo = "try!SnapshotTestCase";
		};
/* End PBXContainerItemProxy section */

/* Begin PBXFileReference section */
		099FCE880D19F03F66E0EFA5 /* Pods-try!SnapshotTestCase.release.xcconfig */ = {isa = PBXFileReference; includeInIndex = 1; lastKnownFileType = text.xcconfig; name = "Pods-try!SnapshotTestCase.release.xcconfig"; path = "Target Support Files/Pods-try!SnapshotTestCase/Pods-try!SnapshotTestCase.release.xcconfig"; sourceTree = "<group>"; };
		2B1DFA77818CA96EBF9EB314 /* Pods-try!SnapshotTestCaseTests.release.xcconfig */ = {isa = PBXFileReference; includeInIndex = 1; lastKnownFileType = text.xcconfig; name = "Pods-try!SnapshotTestCaseTests.release.xcconfig"; path = "Target Support Files/Pods-try!SnapshotTestCaseTests/Pods-try!SnapshotTestCaseTests.release.xcconfig"; sourceTree = "<group>"; };
		3D36A5823E3EDC4691C2C026 /* Pods_try_SnapshotTestCaseTests.framework */ = {isa = PBXFileReference; explicitFileType = wrapper.framework; includeInIndex = 0; path = Pods_try_SnapshotTestCaseTests.framework; sourceTree = BUILT_PRODUCTS_DIR; };
		419EE792A02CE9EC3C43D7F5 /* Pods_try_SnapshotTestCase.framework */ = {isa = PBXFileReference; explicitFileType = wrapper.framework; includeInIndex = 0; path = Pods_try_SnapshotTestCase.framework; sourceTree = BUILT_PRODUCTS_DIR; };
		9CE0C7FF8A1F4B9FF0022A26 /* Pods-try!SnapshotTestCaseTests.debug.xcconfig */ = {isa = PBXFileReference; includeInIndex = 1; lastKnownFileType = text.xcconfig; name = "Pods-try!SnapshotTestCaseTests.debug.xcconfig"; path = "Target Support Files/Pods-try!SnapshotTestCaseTests/Pods-try!SnapshotTestCaseTests.debug.xcconfig"; sourceTree = "<group>"; };
		DF56B314245DAFC000AF402E /* try!SnapshotTestCase.app */ = {isa = PBXFileReference; explicitFileType = wrapper.application; includeInIndex = 0; path = "try!SnapshotTestCase.app"; sourceTree = BUILT_PRODUCTS_DIR; };
		DF56B317245DAFC000AF402E /* AppDelegate.swift */ = {isa = PBXFileReference; lastKnownFileType = sourcecode.swift; path = AppDelegate.swift; sourceTree = "<group>"; };
		DF56B319245DAFC000AF402E /* SceneDelegate.swift */ = {isa = PBXFileReference; lastKnownFileType = sourcecode.swift; path = SceneDelegate.swift; sourceTree = "<group>"; };
		DF56B31B245DAFC000AF402E /* ViewController.swift */ = {isa = PBXFileReference; lastKnownFileType = sourcecode.swift; path = ViewController.swift; sourceTree = "<group>"; };
		DF56B31E245DAFC000AF402E /* Base */ = {isa = PBXFileReference; lastKnownFileType = file.storyboard; name = Base; path = Base.lproj/Main.storyboard; sourceTree = "<group>"; };
		DF56B320245DAFC200AF402E /* Assets.xcassets */ = {isa = PBXFileReference; lastKnownFileType = folder.assetcatalog; path = Assets.xcassets; sourceTree = "<group>"; };
		DF56B323245DAFC200AF402E /* Base */ = {isa = PBXFileReference; lastKnownFileType = file.storyboard; name = Base; path = Base.lproj/LaunchScreen.storyboard; sourceTree = "<group>"; };
		DF56B325245DAFC200AF402E /* Info.plist */ = {isa = PBXFileReference; lastKnownFileType = text.plist.xml; path = Info.plist; sourceTree = "<group>"; };
		DF56B32F245DB0BA00AF402E /* try!SnapshotTestCaseUITests.xctest */ = {isa = PBXFileReference; explicitFileType = wrapper.cfbundle; includeInIndex = 0; path = "try!SnapshotTestCaseUITests.xctest"; sourceTree = BUILT_PRODUCTS_DIR; };
		DF56B333245DB0BA00AF402E /* Info.plist */ = {isa = PBXFileReference; lastKnownFileType = text.plist.xml; path = Info.plist; sourceTree = "<group>"; };
		DF56B33D245DB29700AF402E /* try!SnapshotTestCaseTests.xctest */ = {isa = PBXFileReference; explicitFileType = wrapper.cfbundle; includeInIndex = 0; path = "try!SnapshotTestCaseTests.xctest"; sourceTree = BUILT_PRODUCTS_DIR; };
		DF56B33F245DB29700AF402E /* try_SnapshotTestCaseTests.swift */ = {isa = PBXFileReference; lastKnownFileType = sourcecode.swift; path = try_SnapshotTestCaseTests.swift; sourceTree = "<group>"; };
		DF56B341245DB29700AF402E /* Info.plist */ = {isa = PBXFileReference; lastKnownFileType = text.plist.xml; path = Info.plist; sourceTree = "<group>"; };
		E976B7140FEF5C82D04339B8 /* Pods-try!SnapshotTestCase.debug.xcconfig */ = {isa = PBXFileReference; includeInIndex = 1; lastKnownFileType = text.xcconfig; name = "Pods-try!SnapshotTestCase.debug.xcconfig"; path = "Target Support Files/Pods-try!SnapshotTestCase/Pods-try!SnapshotTestCase.debug.xcconfig"; sourceTree = "<group>"; };
/* End PBXFileReference section */

/* Begin PBXFrameworksBuildPhase section */
		DF56B311245DAFC000AF402E /* Frameworks */ = {
			isa = PBXFrameworksBuildPhase;
			buildActionMask = 2147483647;
			files = (
				3BD761F0EDB5F5395A1647B5 /* Pods_try_SnapshotTestCase.framework in Frameworks */,
			);
			runOnlyForDeploymentPostprocessing = 0;
		};
		DF56B32C245DB0BA00AF402E /* Frameworks */ = {
			isa = PBXFrameworksBuildPhase;
			buildActionMask = 2147483647;
			files = (
			);
			runOnlyForDeploymentPostprocessing = 0;
		};
		DF56B33A245DB29700AF402E /* Frameworks */ = {
			isa = PBXFrameworksBuildPhase;
			buildActionMask = 2147483647;
			files = (
				6997911DBD0F3E0F754A1BC6 /* Pods_try_SnapshotTestCaseTests.framework in Frameworks */,
			);
			runOnlyForDeploymentPostprocessing = 0;
		};
/* End PBXFrameworksBuildPhase section */

/* Begin PBXGroup section */
		3B48B00D0CE3A78E22260A74 /* Frameworks */ = {
			isa = PBXGroup;
			children = (
				419EE792A02CE9EC3C43D7F5 /* Pods_try_SnapshotTestCase.framework */,
				3D36A5823E3EDC4691C2C026 /* Pods_try_SnapshotTestCaseTests.framework */,
			);
			name = Frameworks;
			sourceTree = "<group>";
		};
		78BEC35B7FFE6E70B639E983 /* Pods */ = {
			isa = PBXGroup;
			children = (
				E976B7140FEF5C82D04339B8 /* Pods-try!SnapshotTestCase.debug.xcconfig */,
				099FCE880D19F03F66E0EFA5 /* Pods-try!SnapshotTestCase.release.xcconfig */,
				9CE0C7FF8A1F4B9FF0022A26 /* Pods-try!SnapshotTestCaseTests.debug.xcconfig */,
				2B1DFA77818CA96EBF9EB314 /* Pods-try!SnapshotTestCaseTests.release.xcconfig */,
			);
			path = Pods;
			sourceTree = "<group>";
		};
		DF56B30B245DAFC000AF402E = {
			isa = PBXGroup;
			children = (
				DF56B316245DAFC000AF402E /* try!SnapshotTestCase */,
				DF56B330245DB0BA00AF402E /* try!SnapshotTestCaseUITests */,
				DF56B33E245DB29700AF402E /* try!SnapshotTestCaseTests */,
				DF56B315245DAFC000AF402E /* Products */,
				78BEC35B7FFE6E70B639E983 /* Pods */,
				3B48B00D0CE3A78E22260A74 /* Frameworks */,
			);
			sourceTree = "<group>";
		};
		DF56B315245DAFC000AF402E /* Products */ = {
			isa = PBXGroup;
			children = (
				DF56B314245DAFC000AF402E /* try!SnapshotTestCase.app */,
				DF56B32F245DB0BA00AF402E /* try!SnapshotTestCaseUITests.xctest */,
				DF56B33D245DB29700AF402E /* try!SnapshotTestCaseTests.xctest */,
			);
			name = Products;
			sourceTree = "<group>";
		};
		DF56B316245DAFC000AF402E /* try!SnapshotTestCase */ = {
			isa = PBXGroup;
			children = (
				DF56B317245DAFC000AF402E /* AppDelegate.swift */,
				DF56B319245DAFC000AF402E /* SceneDelegate.swift */,
				DF56B31B245DAFC000AF402E /* ViewController.swift */,
				DF56B31D245DAFC000AF402E /* Main.storyboard */,
				DF56B320245DAFC200AF402E /* Assets.xcassets */,
				DF56B322245DAFC200AF402E /* LaunchScreen.storyboard */,
				DF56B325245DAFC200AF402E /* Info.plist */,
			);
			path = "try!SnapshotTestCase";
			sourceTree = "<group>";
		};
		DF56B330245DB0BA00AF402E /* try!SnapshotTestCaseUITests */ = {
			isa = PBXGroup;
			children = (
				DF56B333245DB0BA00AF402E /* Info.plist */,
			);
			path = "try!SnapshotTestCaseUITests";
			sourceTree = "<group>";
		};
		DF56B33E245DB29700AF402E /* try!SnapshotTestCaseTests */ = {
			isa = PBXGroup;
			children = (
				DF56B33F245DB29700AF402E /* try_SnapshotTestCaseTests.swift */,
				DF56B341245DB29700AF402E /* Info.plist */,
			);
			path = "try!SnapshotTestCaseTests";
			sourceTree = "<group>";
		};
/* End PBXGroup section */

/* Begin PBXNativeTarget section */
		DF56B313245DAFC000AF402E /* try!SnapshotTestCase */ = {
			isa = PBXNativeTarget;
			buildConfigurationList = DF56B328245DAFC200AF402E /* Build configuration list for PBXNativeTarget "try!SnapshotTestCase" */;
			buildPhases = (
				C993553CA7D353D762A286CE /* [CP] Check Pods Manifest.lock */,
				DF56B310245DAFC000AF402E /* Sources */,
				DF56B311245DAFC000AF402E /* Frameworks */,
				DF56B312245DAFC000AF402E /* Resources */,
			);
			buildRules = (
			);
			dependencies = (
			);
			name = "try!SnapshotTestCase";
			productName = "try!SnapshotTestCase";
			productReference = DF56B314245DAFC000AF402E /* try!SnapshotTestCase.app */;
			productType = "com.apple.product-type.application";
		};
		DF56B32E245DB0BA00AF402E /* try!SnapshotTestCaseUITests */ = {
			isa = PBXNativeTarget;
			buildConfigurationList = DF56B338245DB0BA00AF402E /* Build configuration list for PBXNativeTarget "try!SnapshotTestCaseUITests" */;
			buildPhases = (
				DF56B32B245DB0BA00AF402E /* Sources */,
				DF56B32C245DB0BA00AF402E /* Frameworks */,
				DF56B32D245DB0BA00AF402E /* Resources */,
			);
			buildRules = (
			);
			dependencies = (
				DF56B335245DB0BA00AF402E /* PBXTargetDependency */,
			);
			name = "try!SnapshotTestCaseUITests";
			productName = "try!SnapshotTestCaseUITests";
			productReference = DF56B32F245DB0BA00AF402E /* try!SnapshotTestCaseUITests.xctest */;
			productType = "com.apple.product-type.bundle.ui-testing";
		};
		DF56B33C245DB29700AF402E /* try!SnapshotTestCaseTests */ = {
			isa = PBXNativeTarget;
			buildConfigurationList = DF56B344245DB29700AF402E /* Build configuration list for PBXNativeTarget "try!SnapshotTestCaseTests" */;
			buildPhases = (
				6E0EBDB567637CCCE09703D1 /* [CP] Check Pods Manifest.lock */,
				DF56B339245DB29700AF402E /* Sources */,
				DF56B33A245DB29700AF402E /* Frameworks */,
				DF56B33B245DB29700AF402E /* Resources */,
				74234F2D19F6915DFAE164B1 /* [CP] Embed Pods Frameworks */,
			);
			buildRules = (
			);
			dependencies = (
				DF56B343245DB29700AF402E /* PBXTargetDependency */,
			);
			name = "try!SnapshotTestCaseTests";
			productName = "try!SnapshotTestCaseTests";
			productReference = DF56B33D245DB29700AF402E /* try!SnapshotTestCaseTests.xctest */;
			productType = "com.apple.product-type.bundle.unit-test";
		};
/* End PBXNativeTarget section */

/* Begin PBXProject section */
		DF56B30C245DAFC000AF402E /* Project object */ = {
			isa = PBXProject;
			attributes = {
				LastSwiftUpdateCheck = 1140;
				LastUpgradeCheck = 1140;
				ORGANIZATIONNAME = "Kotchaphan Muangsan";
				TargetAttributes = {
					DF56B313245DAFC000AF402E = {
						CreatedOnToolsVersion = 11.4.1;
					};
					DF56B32E245DB0BA00AF402E = {
						CreatedOnToolsVersion = 11.4.1;
						TestTargetID = DF56B313245DAFC000AF402E;
					};
					DF56B33C245DB29700AF402E = {
						CreatedOnToolsVersion = 11.4.1;
						TestTargetID = DF56B313245DAFC000AF402E;
					};
				};
			};
			buildConfigurationList = DF56B30F245DAFC000AF402E /* Build configuration list for PBXProject "try!SnapshotTestCase" */;
			compatibilityVersion = "Xcode 9.3";
			developmentRegion = en;
			hasScannedForEncodings = 0;
			knownRegions = (
				en,
				Base,
			);
			mainGroup = DF56B30B245DAFC000AF402E;
			productRefGroup = DF56B315245DAFC000AF402E /* Products */;
			projectDirPath = "";
			projectRoot = "";
			targets = (
				DF56B313245DAFC000AF402E /* try!SnapshotTestCase */,
				DF56B32E245DB0BA00AF402E /* try!SnapshotTestCaseUITests */,
				DF56B33C245DB29700AF402E /* try!SnapshotTestCaseTests */,
			);
		};
/* End PBXProject section */

/* Begin PBXResourcesBuildPhase section */
		DF56B312245DAFC000AF402E /* Resources */ = {
			isa = PBXResourcesBuildPhase;
			buildActionMask = 2147483647;
			files = (
				DF56B324245DAFC200AF402E /* LaunchScreen.storyboard in Resources */,
				DF56B321245DAFC200AF402E /* Assets.xcassets in Resources */,
				DF56B31F245DAFC000AF402E /* Main.storyboard in Resources */,
			);
			runOnlyForDeploymentPostprocessing = 0;
		};
		DF56B32D245DB0BA00AF402E /* Resources */ = {
			isa = PBXResourcesBuildPhase;
			buildActionMask = 2147483647;
			files = (
			);
			runOnlyForDeploymentPostprocessing = 0;
		};
		DF56B33B245DB29700AF402E /* Resources */ = {
			isa = PBXResourcesBuildPhase;
			buildActionMask = 2147483647;
			files = (
			);
			runOnlyForDeploymentPostprocessing = 0;
		};
/* End PBXResourcesBuildPhase section */

/* Begin PBXShellScriptBuildPhase section */
		6E0EBDB567637CCCE09703D1 /* [CP] Check Pods Manifest.lock */ = {
			isa = PBXShellScriptBuildPhase;
			buildActionMask = 2147483647;
			files = (
			);
			inputFileListPaths = (
			);
			inputPaths = (
				"${PODS_PODFILE_DIR_PATH}/Podfile.lock",
				"${PODS_ROOT}/Manifest.lock",
			);
			name = "[CP] Check Pods Manifest.lock";
			outputFileListPaths = (
			);
			outputPaths = (
				"$(DERIVED_FILE_DIR)/Pods-try!SnapshotTestCaseTests-checkManifestLockResult.txt",
			);
			runOnlyForDeploymentPostprocessing = 0;
			shellPath = /bin/sh;
			shellScript = "diff \"${PODS_PODFILE_DIR_PATH}/Podfile.lock\" \"${PODS_ROOT}/Manifest.lock\" > /dev/null\nif [ $? != 0 ] ; then\n    # print error to STDERR\n    echo \"error: The sandbox is not in sync with the Podfile.lock. Run 'pod install' or update your CocoaPods installation.\" >&2\n    exit 1\nfi\n# This output is used by Xcode 'outputs' to avoid re-running this script phase.\necho \"SUCCESS\" > \"${SCRIPT_OUTPUT_FILE_0}\"\n";
			showEnvVarsInLog = 0;
		};
		74234F2D19F6915DFAE164B1 /* [CP] Embed Pods Frameworks */ = {
			isa = PBXShellScriptBuildPhase;
			buildActionMask = 2147483647;
			files = (
			);
			inputFileListPaths = (
				"${PODS_ROOT}/Target Support Files/Pods-try!SnapshotTestCaseTests/Pods-try!SnapshotTestCaseTests-frameworks-${CONFIGURATION}-input-files.xcfilelist",
			);
			name = "[CP] Embed Pods Frameworks";
			outputFileListPaths = (
				"${PODS_ROOT}/Target Support Files/Pods-try!SnapshotTestCaseTests/Pods-try!SnapshotTestCaseTests-frameworks-${CONFIGURATION}-output-files.xcfilelist",
			);
			runOnlyForDeploymentPostprocessing = 0;
			shellPath = /bin/sh;
			shellScript = "\"${PODS_ROOT}/Target Support Files/Pods-try!SnapshotTestCaseTests/Pods-try!SnapshotTestCaseTests-frameworks.sh\"\n";
			showEnvVarsInLog = 0;
		};
		C993553CA7D353D762A286CE /* [CP] Check Pods Manifest.lock */ = {
			isa = PBXShellScriptBuildPhase;
			buildActionMask = 2147483647;
			files = (
			);
			inputFileListPaths = (
			);
			inputPaths = (
				"${PODS_PODFILE_DIR_PATH}/Podfile.lock",
				"${PODS_ROOT}/Manifest.lock",
			);
			name = "[CP] Check Pods Manifest.lock";
			outputFileListPaths = (
			);
			outputPaths = (
				"$(DERIVED_FILE_DIR)/Pods-try!SnapshotTestCase-checkManifestLockResult.txt",
			);
			runOnlyForDeploymentPostprocessing = 0;
			shellPath = /bin/sh;
			shellScript = "diff \"${PODS_PODFILE_DIR_PATH}/Podfile.lock\" \"${PODS_ROOT}/Manifest.lock\" > /dev/null\nif [ $? != 0 ] ; then\n    # print error to STDERR\n    echo \"error: The sandbox is not in sync with the Podfile.lock. Run 'pod install' or update your CocoaPods installation.\" >&2\n    exit 1\nfi\n# This output is used by Xcode 'outputs' to avoid re-running this script phase.\necho \"SUCCESS\" > \"${SCRIPT_OUTPUT_FILE_0}\"\n";
			showEnvVarsInLog = 0;
		};
/* End PBXShellScriptBuildPhase section */

/* Begin PBXSourcesBuildPhase section */
		DF56B310245DAFC000AF402E /* Sources */ = {
			isa = PBXSourcesBuildPhase;
			buildActionMask = 2147483647;
			files = (
				DF56B31C245DAFC000AF402E /* ViewController.swift in Sources */,
				DF56B318245DAFC000AF402E /* AppDelegate.swift in Sources */,
				DF56B31A245DAFC000AF402E /* SceneDelegate.swift in Sources */,
			);
			runOnlyForDeploymentPostprocessing = 0;
		};
		DF56B32B245DB0BA00AF402E /* Sources */ = {
			isa = PBXSourcesBuildPhase;
			buildActionMask = 2147483647;
			files = (
			);
			runOnlyForDeploymentPostprocessing = 0;
		};
		DF56B339245DB29700AF402E /* Sources */ = {
			isa = PBXSourcesBuildPhase;
			buildActionMask = 2147483647;
			files = (
				DF56B340245DB29700AF402E /* try_SnapshotTestCaseTests.swift in Sources */,
			);
			runOnlyForDeploymentPostprocessing = 0;
		};
/* End PBXSourcesBuildPhase section */

/* Begin PBXTargetDependency section */
		DF56B335245DB0BA00AF402E /* PBXTargetDependency */ = {
			isa = PBXTargetDependency;
			target = DF56B313245DAFC000AF402E /* try!SnapshotTestCase */;
			targetProxy = DF56B334245DB0BA00AF402E /* PBXContainerItemProxy */;
		};
		DF56B343245DB29700AF402E /* PBXTargetDependency */ = {
			isa = PBXTargetDependency;
			target = DF56B313245DAFC000AF402E /* try!SnapshotTestCase */;
			targetProxy = DF56B342245DB29700AF402E /* PBXContainerItemProxy */;
		};
/* End PBXTargetDependency section */

/* Begin PBXVariantGroup section */
		DF56B31D245DAFC000AF402E /* Main.storyboard */ = {
			isa = PBXVariantGroup;
			children = (
				DF56B31E245DAFC000AF402E /* Base */,
			);
			name = Main.storyboard;
			sourceTree = "<group>";
		};
		DF56B322245DAFC200AF402E /* LaunchScreen.storyboard */ = {
			isa = PBXVariantGroup;
			children = (
				DF56B323245DAFC200AF402E /* Base */,
			);
			name = LaunchScreen.storyboard;
			sourceTree = "<group>";
		};
/* End PBXVariantGroup section */

/* Begin XCBuildConfiguration section */
		DF56B326245DAFC200AF402E /* Debug */ = {
			isa = XCBuildConfiguration;
			buildSettings = {
				ALWAYS_SEARCH_USER_PATHS = NO;
				CLANG_ANALYZER_NONNULL = YES;
				CLANG_ANALYZER_NUMBER_OBJECT_CONVERSION = YES_AGGRESSIVE;
				CLANG_CXX_LANGUAGE_STANDARD = "gnu++14";
				CLANG_CXX_LIBRARY = "libc++";
				CLANG_ENABLE_MODULES = YES;
				CLANG_ENABLE_OBJC_ARC = YES;
				CLANG_ENABLE_OBJC_WEAK = YES;
				CLANG_WARN_BLOCK_CAPTURE_AUTORELEASING = YES;
				CLANG_WARN_BOOL_CONVERSION = YES;
				CLANG_WARN_COMMA = YES;
				CLANG_WARN_CONSTANT_CONVERSION = YES;
				CLANG_WARN_DEPRECATED_OBJC_IMPLEMENTATIONS = YES;
				CLANG_WARN_DIRECT_OBJC_ISA_USAGE = YES_ERROR;
				CLANG_WARN_DOCUMENTATION_COMMENTS = YES;
				CLANG_WARN_EMPTY_BODY = YES;
				CLANG_WARN_ENUM_CONVERSION = YES;
				CLANG_WARN_INFINITE_RECURSION = YES;
				CLANG_WARN_INT_CONVERSION = YES;
				CLANG_WARN_NON_LITERAL_NULL_CONVERSION = YES;
				CLANG_WARN_OBJC_IMPLICIT_RETAIN_SELF = YES;
				CLANG_WARN_OBJC_LITERAL_CONVERSION = YES;
				CLANG_WARN_OBJC_ROOT_CLASS = YES_ERROR;
				CLANG_WARN_RANGE_LOOP_ANALYSIS = YES;
				CLANG_WARN_STRICT_PROTOTYPES = YES;
				CLANG_WARN_SUSPICIOUS_MOVE = YES;
				CLANG_WARN_UNGUARDED_AVAILABILITY = YES_AGGRESSIVE;
				CLANG_WARN_UNREACHABLE_CODE = YES;
				CLANG_WARN__DUPLICATE_METHOD_MATCH = YES;
				COPY_PHASE_STRIP = NO;
				DEBUG_INFORMATION_FORMAT = dwarf;
				ENABLE_STRICT_OBJC_MSGSEND = YES;
				ENABLE_TESTABILITY = YES;
				GCC_C_LANGUAGE_STANDARD = gnu11;
				GCC_DYNAMIC_NO_PIC = NO;
				GCC_NO_COMMON_BLOCKS = YES;
				GCC_OPTIMIZATION_LEVEL = 0;
				GCC_PREPROCESSOR_DEFINITIONS = (
					"DEBUG=1",
					"$(inherited)",
				);
				GCC_WARN_64_TO_32_BIT_CONVERSION = YES;
				GCC_WARN_ABOUT_RETURN_TYPE = YES_ERROR;
				GCC_WARN_UNDECLARED_SELECTOR = YES;
				GCC_WARN_UNINITIALIZED_AUTOS = YES_AGGRESSIVE;
				GCC_WARN_UNUSED_FUNCTION = YES;
				GCC_WARN_UNUSED_VARIABLE = YES;
				IPHONEOS_DEPLOYMENT_TARGET = 13.4;
				MTL_ENABLE_DEBUG_INFO = INCLUDE_SOURCE;
				MTL_FAST_MATH = YES;
				ONLY_ACTIVE_ARCH = YES;
				SDKROOT = iphoneos;
				SWIFT_ACTIVE_COMPILATION_CONDITIONS = DEBUG;
				SWIFT_OPTIMIZATION_LEVEL = "-Onone";
			};
			name = Debug;
		};
		DF56B327245DAFC200AF402E /* Release */ = {
			isa = XCBuildConfiguration;
			buildSettings = {
				ALWAYS_SEARCH_USER_PATHS = NO;
				CLANG_ANALYZER_NONNULL = YES;
				CLANG_ANALYZER_NUMBER_OBJECT_CONVERSION = YES_AGGRESSIVE;
				CLANG_CXX_LANGUAGE_STANDARD = "gnu++14";
				CLANG_CXX_LIBRARY = "libc++";
				CLANG_ENABLE_MODULES = YES;
				CLANG_ENABLE_OBJC_ARC = YES;
				CLANG_ENABLE_OBJC_WEAK = YES;
				CLANG_WARN_BLOCK_CAPTURE_AUTORELEASING = YES;
				CLANG_WARN_BOOL_CONVERSION = YES;
				CLANG_WARN_COMMA = YES;
				CLANG_WARN_CONSTANT_CONVERSION = YES;
				CLANG_WARN_DEPRECATED_OBJC_IMPLEMENTATIONS = YES;
				CLANG_WARN_DIRECT_OBJC_ISA_USAGE = YES_ERROR;
				CLANG_WARN_DOCUMENTATION_COMMENTS = YES;
				CLANG_WARN_EMPTY_BODY = YES;
				CLANG_WARN_ENUM_CONVERSION = YES;
				CLANG_WARN_INFINITE_RECURSION = YES;
				CLANG_WARN_INT_CONVERSION = YES;
				CLANG_WARN_NON_LITERAL_NULL_CONVERSION = YES;
				CLANG_WARN_OBJC_IMPLICIT_RETAIN_SELF = YES;
				CLANG_WARN_OBJC_LITERAL_CONVERSION = YES;
				CLANG_WARN_OBJC_ROOT_CLASS = YES_ERROR;
				CLANG_WARN_RANGE_LOOP_ANALYSIS = YES;
				CLANG_WARN_STRICT_PROTOTYPES = YES;
				CLANG_WARN_SUSPICIOUS_MOVE = YES;
				CLANG_WARN_UNGUARDED_AVAILABILITY = YES_AGGRESSIVE;
				CLANG_WARN_UNREACHABLE_CODE = YES;
				CLANG_WARN__DUPLICATE_METHOD_MATCH = YES;
				COPY_PHASE_STRIP = NO;
				DEBUG_INFORMATION_FORMAT = "dwarf-with-dsym";
				ENABLE_NS_ASSERTIONS = NO;
				ENABLE_STRICT_OBJC_MSGSEND = YES;
				GCC_C_LANGUAGE_STANDARD = gnu11;
				GCC_NO_COMMON_BLOCKS = YES;
				GCC_WARN_64_TO_32_BIT_CONVERSION = YES;
				GCC_WARN_ABOUT_RETURN_TYPE = YES_ERROR;
				GCC_WARN_UNDECLARED_SELECTOR = YES;
				GCC_WARN_UNINITIALIZED_AUTOS = YES_AGGRESSIVE;
				GCC_WARN_UNUSED_FUNCTION = YES;
				GCC_WARN_UNUSED_VARIABLE = YES;
				IPHONEOS_DEPLOYMENT_TARGET = 13.4;
				MTL_ENABLE_DEBUG_INFO = NO;
				MTL_FAST_MATH = YES;
				SDKROOT = iphoneos;
				SWIFT_COMPILATION_MODE = wholemodule;
				SWIFT_OPTIMIZATION_LEVEL = "-O";
				VALIDATE_PRODUCT = YES;
			};
			name = Release;
		};
		DF56B329245DAFC200AF402E /* Debug */ = {
			isa = XCBuildConfiguration;
			baseConfigurationReference = E976B7140FEF5C82D04339B8 /* Pods-try!SnapshotTestCase.debug.xcconfig */;
			buildSettings = {
				ASSETCATALOG_COMPILER_APPICON_NAME = AppIcon;
				CODE_SIGN_STYLE = Automatic;
				DEVELOPMENT_TEAM = QJV59UNN92;
				INFOPLIST_FILE = "try!SnapshotTestCase/Info.plist";
				LD_RUNPATH_SEARCH_PATHS = (
					"$(inherited)",
					"@executable_path/Frameworks",
				);
				PRODUCT_BUNDLE_IDENTIFIER = "com.werockstar.try-SnapshotTestCase";
				PRODUCT_NAME = "$(TARGET_NAME)";
				SWIFT_VERSION = 5.0;
				TARGETED_DEVICE_FAMILY = "1,2";
			};
			name = Debug;
		};
		DF56B32A245DAFC200AF402E /* Release */ = {
			isa = XCBuildConfiguration;
			baseConfigurationReference = 099FCE880D19F03F66E0EFA5 /* Pods-try!SnapshotTestCase.release.xcconfig */;
			buildSettings = {
				ASSETCATALOG_COMPILER_APPICON_NAME = AppIcon;
				CODE_SIGN_STYLE = Automatic;
				DEVELOPMENT_TEAM = QJV59UNN92;
				INFOPLIST_FILE = "try!SnapshotTestCase/Info.plist";
				LD_RUNPATH_SEARCH_PATHS = (
					"$(inherited)",
					"@executable_path/Frameworks",
				);
				PRODUCT_BUNDLE_IDENTIFIER = "com.werockstar.try-SnapshotTestCase";
				PRODUCT_NAME = "$(TARGET_NAME)";
				SWIFT_VERSION = 5.0;
				TARGETED_DEVICE_FAMILY = "1,2";
			};
			name = Release;
		};
		DF56B336245DB0BA00AF402E /* Debug */ = {
			isa = XCBuildConfiguration;
			buildSettings = {
				CODE_SIGN_STYLE = Automatic;
				DEVELOPMENT_TEAM = QJV59UNN92;
				INFOPLIST_FILE = "try!SnapshotTestCaseUITests/Info.plist";
				LD_RUNPATH_SEARCH_PATHS = (
					"$(inherited)",
					"@executable_path/Frameworks",
					"@loader_path/Frameworks",
				);
				PRODUCT_BUNDLE_IDENTIFIER = "com.werockstar.try-SnapshotTestCaseUITests";
				PRODUCT_NAME = "$(TARGET_NAME)";
				SWIFT_VERSION = 5.0;
				TARGETED_DEVICE_FAMILY = "1,2";
				TEST_TARGET_NAME = "try!SnapshotTestCase";
			};
			name = Debug;
		};
		DF56B337245DB0BA00AF402E /* Release */ = {
			isa = XCBuildConfiguration;
			buildSettings = {
				CODE_SIGN_STYLE = Automatic;
				DEVELOPMENT_TEAM = QJV59UNN92;
				INFOPLIST_FILE = "try!SnapshotTestCaseUITests/Info.plist";
				LD_RUNPATH_SEARCH_PATHS = (
					"$(inherited)",
					"@executable_path/Frameworks",
					"@loader_path/Frameworks",
				);
				PRODUCT_BUNDLE_IDENTIFIER = "com.werockstar.try-SnapshotTestCaseUITests";
				PRODUCT_NAME = "$(TARGET_NAME)";
				SWIFT_VERSION = 5.0;
				TARGETED_DEVICE_FAMILY = "1,2";
				TEST_TARGET_NAME = "try!SnapshotTestCase";
			};
			name = Release;
		};
		DF56B345245DB29700AF402E /* Debug */ = {
			isa = XCBuildConfiguration;
			baseConfigurationReference = 9CE0C7FF8A1F4B9FF0022A26 /* Pods-try!SnapshotTestCaseTests.debug.xcconfig */;
			buildSettings = {
				BUNDLE_LOADER = "$(TEST_HOST)";
				CODE_SIGN_STYLE = Automatic;
				DEVELOPMENT_TEAM = QJV59UNN92;
				INFOPLIST_FILE = "try!SnapshotTestCaseTests/Info.plist";
				LD_RUNPATH_SEARCH_PATHS = (
					"$(inherited)",
					"@executable_path/Frameworks",
					"@loader_path/Frameworks",
				);
				PRODUCT_BUNDLE_IDENTIFIER = "com.werockstar.try-SnapshotTestCaseTests";
				PRODUCT_NAME = "$(TARGET_NAME)";
				SWIFT_VERSION = 5.0;
				TARGETED_DEVICE_FAMILY = "1,2";
				TEST_HOST = "$(BUILT_PRODUCTS_DIR)/try!SnapshotTestCase.app/try!SnapshotTestCase";
			};
			name = Debug;
		};
		DF56B346245DB29700AF402E /* Release */ = {
			isa = XCBuildConfiguration;
			baseConfigurationReference = 2B1DFA77818CA96EBF9EB314 /* Pods-try!SnapshotTestCaseTests.release.xcconfig */;
			buildSettings = {
				BUNDLE_LOADER = "$(TEST_HOST)";
				CODE_SIGN_STYLE = Automatic;
				DEVELOPMENT_TEAM = QJV59UNN92;
				INFOPLIST_FILE = "try!SnapshotTestCaseTests/Info.plist";
				LD_RUNPATH_SEARCH_PATHS = (
					"$(inherited)",
					"@executable_path/Frameworks",
					"@loader_path/Frameworks",
				);
				PRODUCT_BUNDLE_IDENTIFIER = "com.werockstar.try-SnapshotTestCaseTests";
				PRODUCT_NAME = "$(TARGET_NAME)";
				SWIFT_VERSION = 5.0;
				TARGETED_DEVICE_FAMILY = "1,2";
				TEST_HOST = "$(BUILT_PRODUCTS_DIR)/try!SnapshotTestCase.app/try!SnapshotTestCase";
			};
			name = Release;
		};
/* End XCBuildConfiguration section */

/* Begin XCConfigurationList section */
		DF56B30F245DAFC000AF402E /* Build configuration list for PBXProject "try!SnapshotTestCase" */ = {
			isa = XCConfigurationList;
			buildConfigurations = (
				DF56B326245DAFC200AF402E /* Debug */,
				DF56B327245DAFC200AF402E /* Release */,
			);
			defaultConfigurationIsVisible = 0;
			defaultConfigurationName = Release;
		};
		DF56B328245DAFC200AF402E /* Build configuration list for PBXNativeTarget "try!SnapshotTestCase" */ = {
			isa = XCConfigurationList;
			buildConfigurations = (
				DF56B329245DAFC200AF402E /* Debug */,
				DF56B32A245DAFC200AF402E /* Release */,
			);
			defaultConfigurationIsVisible = 0;
			defaultConfigurationName = Release;
		};
		DF56B338245DB0BA00AF402E /* Build configuration list for PBXNativeTarget "try!SnapshotTestCaseUITests" */ = {
			isa = XCConfigurationList;
			buildConfigurations = (
				DF56B336245DB0BA00AF402E /* Debug */,
				DF56B337245DB0BA00AF402E /* Release */,
			);
			defaultConfigurationIsVisible = 0;
			defaultConfigurationName = Release;
		};
		DF56B344245DB29700AF402E /* Build configuration list for PBXNativeTarget "try!SnapshotTestCaseTests" */ = {
			isa = XCConfigurationList;
			buildConfigurations = (
				DF56B345245DB29700AF402E /* Debug */,
				DF56B346245DB29700AF402E /* Release */,
			);
			defaultConfigurationIsVisible = 0;
			defaultConfigurationName = Release;
		};
/* End XCConfigurationList section */
	};
	rootObject = DF56B30C245DAFC000AF402E /* Project object */;
}
